
Microsoft Visual Studio Solution File, Format Version 9.00
# Visual Studio 2005
Project("{FAE04EC0-301F-11D3-BF4B-00C04F79EFBC}") = "UI", "UI\UI.csproj", "{59296845-96AB-4F60-B182-6414BC9CB6E6}"
EndProject
Project("{FAE04EC0-301F-11D3-BF4B-00C04F79EFBC}") = "MessageQueueMessagingService", "MessagingService\PrintecMessagingService.csproj", "{9EEF6E2E-7FEB-49CE-B1BE-A4772058ACB9}"
EndProject
Global
	GlobalSection(SolutionConfigurationPlatforms) = preSolution
		Debug|Any CPU = Debug|Any CPU
		Release|Any CPU = Release|Any CPU
	EndGlobalSection
	GlobalSection(ProjectConfigurationPlatforms) = postSolution
		{59296845-96AB-4F60-B182-6414BC9CB6E6}.Debug|Any CPU.ActiveCfg = Debug|Any CPU
		{59296845-96AB-4F60-B182-6414BC9CB6E6}.Debug|Any CPU.Build.0 = Debug|Any CPU
		{59296845-96AB-4F60-B182-6414BC9CB6E6}.Release|Any CPU.ActiveCfg = Release|Any CPU
		{59296845-96AB-4F60-B182-6414BC9CB6E6}.Release|Any CPU.Build.0 = Release|Any CPU
		{9EEF6E2E-7FEB-49CE-B1BE-A4772058ACB9}.Debug|Any CPU.ActiveCfg = Debug|Any CPU
		{9EEF6E2E-7FEB-49CE-B1BE-A4772058ACB9}.Debug|Any CPU.Build.0 = Debug|Any CPU
		{9EEF6E2E-7FEB-49CE-B1BE-A4772058ACB9}.Release|Any CPU.ActiveCfg = Release|Any CPU
		{9EEF6E2E-7FEB-49CE-B1BE-A4772058ACB9}.Release|Any CPU.Build.0 = Release|Any CPU
	EndGlobalSection
	GlobalSection(SolutionProperties) = preSolution
		HideSolutionNode = FALSE
	EndGlobalSection
EndGlobal
